// !$*UTF8*$!
{
	archiveVersion = 1;
	classes = {
	};
	objectVersion = 50;
	objects = {

/* Begin PBXBuildFile section */
		5BE89F6D7DC23665786B4B61 /* Pods_LaoTzuPDF.framework in Frameworks */ = {isa = PBXBuildFile; fileRef = AE08F918D806A4AC04BCAF89 /* Pods_LaoTzuPDF.framework */; };
		6A148EAD21BA0D7400F196E8 /* WatermarkConfiguration.swift in Sources */ = {isa = PBXBuildFile; fileRef = 6A148EAC21BA0D7400F196E8 /* WatermarkConfiguration.swift */; };
		6A297DFC21D46F170028E96E /* AES256Crypter.swift in Sources */ = {isa = PBXBuildFile; fileRef = 6A297DFB21D46F170028E96E /* AES256Crypter.swift */; };
		6A297E0421D49D170028E96E /* FindEOF.swift in Sources */ = {isa = PBXBuildFile; fileRef = 6A297E0321D49D170028E96E /* FindEOF.swift */; };
		6A5152BD21E3530F00523030 /* WatermarkTransferModel.swift in Sources */ = {isa = PBXBuildFile; fileRef = 6A5152BC21E3530F00523030 /* WatermarkTransferModel.swift */; };
		6A5152BF21E37A6000523030 /* NSNotification+Names.swift in Sources */ = {isa = PBXBuildFile; fileRef = 6A5152BE21E37A6000523030 /* NSNotification+Names.swift */; };
		6A79ACD221D234C00095FA51 /* WaterImage.m in Sources */ = {isa = PBXBuildFile; fileRef = 6A79ACD121D234C00095FA51 /* WaterImage.m */; };
		6A79ACD421D23FDA0095FA51 /* WatermarkImage.swift in Sources */ = {isa = PBXBuildFile; fileRef = 6A79ACD321D23FDA0095FA51 /* WatermarkImage.swift */; };
		6A79ACD621D30E000095FA51 /* DataExtension.swift in Sources */ = {isa = PBXBuildFile; fileRef = 6A79ACD521D30E000095FA51 /* DataExtension.swift */; };
		6A7C59E121B6A262006E502E /* AppDelegate.swift in Sources */ = {isa = PBXBuildFile; fileRef = 6A7C59E021B6A262006E502E /* AppDelegate.swift */; };
		6A7C59E621B6A262006E502E /* Main.storyboard in Resources */ = {isa = PBXBuildFile; fileRef = 6A7C59E421B6A262006E502E /* Main.storyboard */; };
		6A7C59E821B6A263006E502E /* Assets.xcassets in Resources */ = {isa = PBXBuildFile; fileRef = 6A7C59E721B6A263006E502E /* Assets.xcassets */; };
		6A7C59EB21B6A263006E502E /* LaunchScreen.storyboard in Resources */ = {isa = PBXBuildFile; fileRef = 6A7C59E921B6A263006E502E /* LaunchScreen.storyboard */; };
		6A7C59F321B6A5D9006E502E /* DocumentBrowserViewController.swift in Sources */ = {isa = PBXBuildFile; fileRef = 6A7C59F221B6A5D9006E502E /* DocumentBrowserViewController.swift */; };
		6A7C59F521B7656F006E502E /* DocumentViewController.swift in Sources */ = {isa = PBXBuildFile; fileRef = 6A7C59F421B7656F006E502E /* DocumentViewController.swift */; };
		6A7C59F921B766FE006E502E /* Document.swift in Sources */ = {isa = PBXBuildFile; fileRef = 6A7C59F821B766FE006E502E /* Document.swift */; };
		6A7C59FE21B7A33B006E502E /* MaskPopViewController.swift in Sources */ = {isa = PBXBuildFile; fileRef = 6A7C59FD21B7A33B006E502E /* MaskPopViewController.swift */; };
		6A7C5A0221B7B47C006E502E /* R.generated.swift in Sources */ = {isa = PBXBuildFile; fileRef = 6A7C5A0121B7B47C006E502E /* R.generated.swift */; };
		6A7C5A0921B7BA48006E502E /* AnnotationsViewController.swift in Sources */ = {isa = PBXBuildFile; fileRef = 6A7C5A0821B7BA48006E502E /* AnnotationsViewController.swift */; };
		6A7C5A0C21B7BDDA006E502E /* UImageExtension.swift in Sources */ = {isa = PBXBuildFile; fileRef = 6A7C5A0B21B7BDDA006E502E /* UImageExtension.swift */; };
		6A7C5A0E21B7C927006E502E /* LogManager.swift in Sources */ = {isa = PBXBuildFile; fileRef = 6A7C5A0D21B7C927006E502E /* LogManager.swift */; };
		6A7C5A2021B7D62C006E502E /* PAirSandbox.m in Sources */ = {isa = PBXBuildFile; fileRef = 6A7C5A1E21B7D62C006E502E /* PAirSandbox.m */; };
		6A7C5A2221B7D94D006E502E /* UIViewControllerExtension.swift in Sources */ = {isa = PBXBuildFile; fileRef = 6A7C5A2121B7D94D006E502E /* UIViewControllerExtension.swift */; };
		6A7C5A2421B7E86E006E502E /* DocumentFileFolder.swift in Sources */ = {isa = PBXBuildFile; fileRef = 6A7C5A2321B7E86E006E502E /* DocumentFileFolder.swift */; };
		6A7C5A2621B8C7F2006E502E /* AnnotationPopView.swift in Sources */ = {isa = PBXBuildFile; fileRef = 6A7C5A2521B8C7F2006E502E /* AnnotationPopView.swift */; };
		6A7C5A2921B8ECD5006E502E /* WatermarkPage.swift in Sources */ = {isa = PBXBuildFile; fileRef = 6A7C5A2821B8ECD5006E502E /* WatermarkPage.swift */; };
		6AE91F3721E3336D000E316C /* WatermarkConfigurationViewModel.swift in Sources */ = {isa = PBXBuildFile; fileRef = 6AE91F3621E3336D000E316C /* WatermarkConfigurationViewModel.swift */; };
		6AE91F3A21E335A3000E316C /* WatermarkConfigurationViewController.swift in Sources */ = {isa = PBXBuildFile; fileRef = 6AE91F3821E335A2000E316C /* WatermarkConfigurationViewController.swift */; };
		6AE91F3B21E335A3000E316C /* WatermarkConfigurationViewController.xib in Resources */ = {isa = PBXBuildFile; fileRef = 6AE91F3921E335A2000E316C /* WatermarkConfigurationViewController.xib */; };
		6AE91F3D21E33DAA000E316C /* WaterConfigurationView.swift in Sources */ = {isa = PBXBuildFile; fileRef = 6AE91F3C21E33DAA000E316C /* WaterConfigurationView.swift */; };
/* End PBXBuildFile section */

/* Begin PBXFileReference section */
		358D220921271BE2F88209FE /* Pods-LaoTzuPDF.release.xcconfig */ = {isa = PBXFileReference; includeInIndex = 1; lastKnownFileType = text.xcconfig; name = "Pods-LaoTzuPDF.release.xcconfig"; path = "Target Support Files/Pods-LaoTzuPDF/Pods-LaoTzuPDF.release.xcconfig"; sourceTree = "<group>"; };
		6A148EAC21BA0D7400F196E8 /* WatermarkConfiguration.swift */ = {isa = PBXFileReference; lastKnownFileType = sourcecode.swift; path = WatermarkConfiguration.swift; sourceTree = "<group>"; };
		6A297DFB21D46F170028E96E /* AES256Crypter.swift */ = {isa = PBXFileReference; lastKnownFileType = sourcecode.swift; path = AES256Crypter.swift; sourceTree = "<group>"; };
		6A297E0321D49D170028E96E /* FindEOF.swift */ = {isa = PBXFileReference; lastKnownFileType = sourcecode.swift; path = FindEOF.swift; sourceTree = "<group>"; };
		6A5152BC21E3530F00523030 /* WatermarkTransferModel.swift */ = {isa = PBXFileReference; lastKnownFileType = sourcecode.swift; path = WatermarkTransferModel.swift; sourceTree = "<group>"; };
		6A5152BE21E37A6000523030 /* NSNotification+Names.swift */ = {isa = PBXFileReference; lastKnownFileType = sourcecode.swift; path = "NSNotification+Names.swift"; sourceTree = "<group>"; };
		6A79ACD021D234C00095FA51 /* WaterImage.h */ = {isa = PBXFileReference; lastKnownFileType = sourcecode.c.h; path = WaterImage.h; sourceTree = "<group>"; };
		6A79ACD121D234C00095FA51 /* WaterImage.m */ = {isa = PBXFileReference; lastKnownFileType = sourcecode.c.objc; path = WaterImage.m; sourceTree = "<group>"; };
		6A79ACD321D23FDA0095FA51 /* WatermarkImage.swift */ = {isa = PBXFileReference; lastKnownFileType = sourcecode.swift; path = WatermarkImage.swift; sourceTree = "<group>"; };
		6A79ACD521D30E000095FA51 /* DataExtension.swift */ = {isa = PBXFileReference; lastKnownFileType = sourcecode.swift; path = DataExtension.swift; sourceTree = "<group>"; };
		6A7C59DD21B6A262006E502E /* LaoTzuPDF.app */ = {isa = PBXFileReference; explicitFileType = wrapper.application; includeInIndex = 0; path = LaoTzuPDF.app; sourceTree = BUILT_PRODUCTS_DIR; };
		6A7C59E021B6A262006E502E /* AppDelegate.swift */ = {isa = PBXFileReference; lastKnownFileType = sourcecode.swift; path = AppDelegate.swift; sourceTree = "<group>"; };
		6A7C59E521B6A262006E502E /* Base */ = {isa = PBXFileReference; lastKnownFileType = file.storyboard; name = Base; path = Base.lproj/Main.storyboard; sourceTree = "<group>"; };
		6A7C59E721B6A263006E502E /* Assets.xcassets */ = {isa = PBXFileReference; lastKnownFileType = folder.assetcatalog; path = Assets.xcassets; sourceTree = "<group>"; };
		6A7C59EA21B6A263006E502E /* Base */ = {isa = PBXFileReference; lastKnownFileType = file.storyboard; name = Base; path = Base.lproj/LaunchScreen.storyboard; sourceTree = "<group>"; };
		6A7C59EC21B6A263006E502E /* Info.plist */ = {isa = PBXFileReference; lastKnownFileType = text.plist.xml; path = Info.plist; sourceTree = "<group>"; };
		6A7C59F221B6A5D9006E502E /* DocumentBrowserViewController.swift */ = {isa = PBXFileReference; lastKnownFileType = sourcecode.swift; path = DocumentBrowserViewController.swift; sourceTree = "<group>"; };
		6A7C59F421B7656F006E502E /* DocumentViewController.swift */ = {isa = PBXFileReference; lastKnownFileType = sourcecode.swift; path = DocumentViewController.swift; sourceTree = "<group>"; };
		6A7C59F821B766FE006E502E /* Document.swift */ = {isa = PBXFileReference; lastKnownFileType = sourcecode.swift; path = Document.swift; sourceTree = "<group>"; };
		6A7C59FD21B7A33B006E502E /* MaskPopViewController.swift */ = {isa = PBXFileReference; lastKnownFileType = sourcecode.swift; path = MaskPopViewController.swift; sourceTree = "<group>"; };
		6A7C5A0121B7B47C006E502E /* R.generated.swift */ = {isa = PBXFileReference; fileEncoding = 4; lastKnownFileType = sourcecode.swift; path = R.generated.swift; sourceTree = SOURCE_ROOT; };
		6A7C5A0821B7BA48006E502E /* AnnotationsViewController.swift */ = {isa = PBXFileReference; lastKnownFileType = sourcecode.swift; path = AnnotationsViewController.swift; sourceTree = "<group>"; };
		6A7C5A0B21B7BDDA006E502E /* UImageExtension.swift */ = {isa = PBXFileReference; lastKnownFileType = sourcecode.swift; path = UImageExtension.swift; sourceTree = "<group>"; };
		6A7C5A0D21B7C927006E502E /* LogManager.swift */ = {isa = PBXFileReference; fileEncoding = 4; lastKnownFileType = sourcecode.swift; path = LogManager.swift; sourceTree = "<group>"; };
		6A7C5A1921B7D61A006E502E /* LaoTzuPDF-Bridging-Header.h */ = {isa = PBXFileReference; lastKnownFileType = sourcecode.c.h; path = "LaoTzuPDF-Bridging-Header.h"; sourceTree = "<group>"; };
		6A7C5A1E21B7D62C006E502E /* PAirSandbox.m */ = {isa = PBXFileReference; fileEncoding = 4; lastKnownFileType = sourcecode.c.objc; path = PAirSandbox.m; sourceTree = "<group>"; };
		6A7C5A1F21B7D62C006E502E /* PAirSandbox.h */ = {isa = PBXFileReference; fileEncoding = 4; lastKnownFileType = sourcecode.c.h; path = PAirSandbox.h; sourceTree = "<group>"; };
		6A7C5A2121B7D94D006E502E /* UIViewControllerExtension.swift */ = {isa = PBXFileReference; lastKnownFileType = sourcecode.swift; path = UIViewControllerExtension.swift; sourceTree = "<group>"; };
		6A7C5A2321B7E86E006E502E /* DocumentFileFolder.swift */ = {isa = PBXFileReference; lastKnownFileType = sourcecode.swift; path = DocumentFileFolder.swift; sourceTree = "<group>"; };
		6A7C5A2521B8C7F2006E502E /* AnnotationPopView.swift */ = {isa = PBXFileReference; lastKnownFileType = sourcecode.swift; path = AnnotationPopView.swift; sourceTree = "<group>"; };
		6A7C5A2821B8ECD5006E502E /* WatermarkPage.swift */ = {isa = PBXFileReference; lastKnownFileType = sourcecode.swift; path = WatermarkPage.swift; sourceTree = "<group>"; };
		6AE91F3621E3336D000E316C /* WatermarkConfigurationViewModel.swift */ = {isa = PBXFileReference; lastKnownFileType = sourcecode.swift; path = WatermarkConfigurationViewModel.swift; sourceTree = "<group>"; };
		6AE91F3821E335A2000E316C /* WatermarkConfigurationViewController.swift */ = {isa = PBXFileReference; lastKnownFileType = sourcecode.swift; path = WatermarkConfigurationViewController.swift; sourceTree = "<group>"; };
		6AE91F3921E335A2000E316C /* WatermarkConfigurationViewController.xib */ = {isa = PBXFileReference; lastKnownFileType = file.xib; path = WatermarkConfigurationViewController.xib; sourceTree = "<group>"; };
		6AE91F3C21E33DAA000E316C /* WaterConfigurationView.swift */ = {isa = PBXFileReference; lastKnownFileType = sourcecode.swift; path = WaterConfigurationView.swift; sourceTree = "<group>"; };
		7368ED1B7BFA046D2F66B587 /* Pods-LaoTzuPDF.debug.xcconfig */ = {isa = PBXFileReference; includeInIndex = 1; lastKnownFileType = text.xcconfig; name = "Pods-LaoTzuPDF.debug.xcconfig"; path = "Target Support Files/Pods-LaoTzuPDF/Pods-LaoTzuPDF.debug.xcconfig"; sourceTree = "<group>"; };
		AE08F918D806A4AC04BCAF89 /* Pods_LaoTzuPDF.framework */ = {isa = PBXFileReference; explicitFileType = wrapper.framework; includeInIndex = 0; path = Pods_LaoTzuPDF.framework; sourceTree = BUILT_PRODUCTS_DIR; };
/* End PBXFileReference section */

/* Begin PBXFrameworksBuildPhase section */
		6A7C59DA21B6A262006E502E /* Frameworks */ = {
			isa = PBXFrameworksBuildPhase;
			buildActionMask = 2147483647;
			files = (
				5BE89F6D7DC23665786B4B61 /* Pods_LaoTzuPDF.framework in Frameworks */,
			);
			runOnlyForDeploymentPostprocessing = 0;
		};
/* End PBXFrameworksBuildPhase section */

/* Begin PBXGroup section */
		6A297DFA21D46EC50028E96E /* Encrypt */ = {
			isa = PBXGroup;
			children = (
				6A297DFB21D46F170028E96E /* AES256Crypter.swift */,
				6A297E0321D49D170028E96E /* FindEOF.swift */,
			);
			path = Encrypt;
			sourceTree = "<group>";
		};
		6A7C59D421B6A262006E502E = {
			isa = PBXGroup;
			children = (
				6A7C59DF21B6A262006E502E /* LaoTzuPDF */,
				6A7C59DE21B6A262006E502E /* Products */,
				8C5A9160B08865BFF0D02D46 /* Pods */,
				9661379E3CA9E6FB54030E8B /* Frameworks */,
				6A7C5A1921B7D61A006E502E /* LaoTzuPDF-Bridging-Header.h */,
			);
			sourceTree = "<group>";
		};
		6A7C59DE21B6A262006E502E /* Products */ = {
			isa = PBXGroup;
			children = (
				6A7C59DD21B6A262006E502E /* LaoTzuPDF.app */,
			);
			name = Products;
			sourceTree = "<group>";
		};
		6A7C59DF21B6A262006E502E /* LaoTzuPDF */ = {
			isa = PBXGroup;
			children = (
				6AE91F3221E332B0000E316C /* Test */,
				6A297DFA21D46EC50028E96E /* Encrypt */,
				6A7C5A2721B8ECB2006E502E /* Watermark */,
				6A7C5A0A21B7BDB2006E502E /* Extensions */,
				6A7C5A0321B7B970006E502E /* Annotation */,
				6A7C5A0121B7B47C006E502E /* R.generated.swift */,
				6A7C59FC21B7A2F2006E502E /* Tools */,
				6A7C59E021B6A262006E502E /* AppDelegate.swift */,
				6A7C59F221B6A5D9006E502E /* DocumentBrowserViewController.swift */,
				6A7C59F421B7656F006E502E /* DocumentViewController.swift */,
				6A7C59F821B766FE006E502E /* Document.swift */,
				6A7C59E421B6A262006E502E /* Main.storyboard */,
				6A7C59E721B6A263006E502E /* Assets.xcassets */,
				6A7C59E921B6A263006E502E /* LaunchScreen.storyboard */,
				6A7C59EC21B6A263006E502E /* Info.plist */,
			);
			path = LaoTzuPDF;
			sourceTree = "<group>";
		};
		6A7C59FC21B7A2F2006E502E /* Tools */ = {
			isa = PBXGroup;
			children = (
				6A7C5A1D21B7D62C006E502E /* AirSandbox */,
				6A7C5A0D21B7C927006E502E /* LogManager.swift */,
				6A7C59FD21B7A33B006E502E /* MaskPopViewController.swift */,
				6A7C5A2321B7E86E006E502E /* DocumentFileFolder.swift */,
			);
			path = Tools;
			sourceTree = "<group>";
		};
		6A7C5A0321B7B970006E502E /* Annotation */ = {
			isa = PBXGroup;
			children = (
				6A7C5A0721B7B9D4006E502E /* Views */,
				6A7C5A0621B7B9CA006E502E /* ViewModels */,
				6A7C5A0521B7B9BF006E502E /* Models */,
				6A7C5A0421B7B9B4006E502E /* ViewControllers */,
			);
			path = Annotation;
			sourceTree = "<group>";
		};
		6A7C5A0421B7B9B4006E502E /* ViewControllers */ = {
			isa = PBXGroup;
			children = (
				6A7C5A0821B7BA48006E502E /* AnnotationsViewController.swift */,
			);
			path = ViewControllers;
			sourceTree = "<group>";
		};
		6A7C5A0521B7B9BF006E502E /* Models */ = {
			isa = PBXGroup;
			children = (
			);
			path = Models;
			sourceTree = "<group>";
		};
		6A7C5A0621B7B9CA006E502E /* ViewModels */ = {
			isa = PBXGroup;
			children = (
			);
			path = ViewModels;
			sourceTree = "<group>";
		};
		6A7C5A0721B7B9D4006E502E /* Views */ = {
			isa = PBXGroup;
			children = (
				6A7C5A2521B8C7F2006E502E /* AnnotationPopView.swift */,
			);
			path = Views;
			sourceTree = "<group>";
		};
		6A7C5A0A21B7BDB2006E502E /* Extensions */ = {
			isa = PBXGroup;
			children = (
				6A7C5A0B21B7BDDA006E502E /* UImageExtension.swift */,
				6A7C5A2121B7D94D006E502E /* UIViewControllerExtension.swift */,
				6A79ACD521D30E000095FA51 /* DataExtension.swift */,
				6A5152BE21E37A6000523030 /* NSNotification+Names.swift */,
			);
			path = Extensions;
			sourceTree = "<group>";
		};
		6A7C5A1D21B7D62C006E502E /* AirSandbox */ = {
			isa = PBXGroup;
			children = (
				6A7C5A1E21B7D62C006E502E /* PAirSandbox.m */,
				6A7C5A1F21B7D62C006E502E /* PAirSandbox.h */,
			);
			path = AirSandbox;
			sourceTree = "<group>";
		};
		6A7C5A2721B8ECB2006E502E /* Watermark */ = {
			isa = PBXGroup;
			children = (
				6A7C5A2821B8ECD5006E502E /* WatermarkPage.swift */,
				6A148EAC21BA0D7400F196E8 /* WatermarkConfiguration.swift */,
				6A79ACD021D234C00095FA51 /* WaterImage.h */,
				6A79ACD121D234C00095FA51 /* WaterImage.m */,
				6A79ACD321D23FDA0095FA51 /* WatermarkImage.swift */,
			);
			path = Watermark;
			sourceTree = "<group>";
		};
		6AE91F3221E332B0000E316C /* Test */ = {
			isa = PBXGroup;
			children = (
				6AE91F3321E332C3000E316C /* Watermark */,
			);
			path = Test;
			sourceTree = "<group>";
		};
		6AE91F3321E332C3000E316C /* Watermark */ = {
			isa = PBXGroup;
			children = (
				6AE91F3621E3336D000E316C /* WatermarkConfigurationViewModel.swift */,
				6AE91F3821E335A2000E316C /* WatermarkConfigurationViewController.swift */,
				6AE91F3921E335A2000E316C /* WatermarkConfigurationViewController.xib */,
				6AE91F3C21E33DAA000E316C /* WaterConfigurationView.swift */,
				6A5152BC21E3530F00523030 /* WatermarkTransferModel.swift */,
			);
			path = Watermark;
			sourceTree = "<group>";
		};
		8C5A9160B08865BFF0D02D46 /* Pods */ = {
			isa = PBXGroup;
			children = (
				7368ED1B7BFA046D2F66B587 /* Pods-LaoTzuPDF.debug.xcconfig */,
				358D220921271BE2F88209FE /* Pods-LaoTzuPDF.release.xcconfig */,
			);
			path = Pods;
			sourceTree = "<group>";
		};
		9661379E3CA9E6FB54030E8B /* Frameworks */ = {
			isa = PBXGroup;
			children = (
				AE08F918D806A4AC04BCAF89 /* Pods_LaoTzuPDF.framework */,
			);
			name = Frameworks;
			sourceTree = "<group>";
		};
/* End PBXGroup section */

/* Begin PBXNativeTarget section */
		6A7C59DC21B6A262006E502E /* LaoTzuPDF */ = {
			isa = PBXNativeTarget;
			buildConfigurationList = 6A7C59EF21B6A263006E502E /* Build configuration list for PBXNativeTarget "LaoTzuPDF" */;
			buildPhases = (
				89157303578BB241F661F9D8 /* [CP] Check Pods Manifest.lock */,
				6A7C5A0021B7B3C0006E502E /*  R Swift */,
				6A7C59D921B6A262006E502E /* Sources */,
				6A7C59DA21B6A262006E502E /* Frameworks */,
				6A7C59DB21B6A262006E502E /* Resources */,
				CFFDAA59AE7C72E122B9AA7D /* [CP] Embed Pods Frameworks */,
			);
			buildRules = (
			);
			dependencies = (
			);
			name = LaoTzuPDF;
			productName = LaoTzuPDF;
			productReference = 6A7C59DD21B6A262006E502E /* LaoTzuPDF.app */;
			productType = "com.apple.product-type.application";
		};
/* End PBXNativeTarget section */

/* Begin PBXProject section */
		6A7C59D521B6A262006E502E /* Project object */ = {
			isa = PBXProject;
			attributes = {
				LastSwiftUpdateCheck = 1010;
				LastUpgradeCheck = 1010;
				ORGANIZATIONNAME = mozhe;
				TargetAttributes = {
					6A7C59DC21B6A262006E502E = {
						CreatedOnToolsVersion = 10.1;
						LastSwiftMigration = 1010;
					};
				};
			};
			buildConfigurationList = 6A7C59D821B6A262006E502E /* Build configuration list for PBXProject "LaoTzuPDF" */;
			compatibilityVersion = "Xcode 9.3";
			developmentRegion = en;
			hasScannedForEncodings = 0;
			knownRegions = (
				en,
				Base,
			);
			mainGroup = 6A7C59D421B6A262006E502E;
			productRefGroup = 6A7C59DE21B6A262006E502E /* Products */;
			projectDirPath = "";
			projectRoot = "";
			targets = (
				6A7C59DC21B6A262006E502E /* LaoTzuPDF */,
			);
		};
/* End PBXProject section */

/* Begin PBXResourcesBuildPhase section */
		6A7C59DB21B6A262006E502E /* Resources */ = {
			isa = PBXResourcesBuildPhase;
			buildActionMask = 2147483647;
			files = (
				6A7C59EB21B6A263006E502E /* LaunchScreen.storyboard in Resources */,
				6A7C59E821B6A263006E502E /* Assets.xcassets in Resources */,
				6AE91F3B21E335A3000E316C /* WatermarkConfigurationViewController.xib in Resources */,
				6A7C59E621B6A262006E502E /* Main.storyboard in Resources */,
			);
			runOnlyForDeploymentPostprocessing = 0;
		};
/* End PBXResourcesBuildPhase section */

/* Begin PBXShellScriptBuildPhase section */
		6A7C5A0021B7B3C0006E502E /*  R Swift */ = {
			isa = PBXShellScriptBuildPhase;
			buildActionMask = 2147483647;
			files = (
			);
			inputFileListPaths = (
			);
			inputPaths = (
			);
			name = " R Swift";
			outputFileListPaths = (
			);
			outputPaths = (
			);
			runOnlyForDeploymentPostprocessing = 0;
			shellPath = /bin/sh;
			shellScript = "\"$PODS_ROOT/R.swift/rswift\" generate \"$SRCROOT\"\n";
		};
		89157303578BB241F661F9D8 /* [CP] Check Pods Manifest.lock */ = {
			isa = PBXShellScriptBuildPhase;
			buildActionMask = 2147483647;
			files = (
			);
			inputFileListPaths = (
			);
			inputPaths = (
				"${PODS_PODFILE_DIR_PATH}/Podfile.lock",
				"${PODS_ROOT}/Manifest.lock",
			);
			name = "[CP] Check Pods Manifest.lock";
			outputFileListPaths = (
			);
			outputPaths = (
				"$(DERIVED_FILE_DIR)/Pods-LaoTzuPDF-checkManifestLockResult.txt",
			);
			runOnlyForDeploymentPostprocessing = 0;
			shellPath = /bin/sh;
			shellScript = "diff \"${PODS_PODFILE_DIR_PATH}/Podfile.lock\" \"${PODS_ROOT}/Manifest.lock\" > /dev/null\nif [ $? != 0 ] ; then\n    # print error to STDERR\n    echo \"error: The sandbox is not in sync with the Podfile.lock. Run 'pod install' or update your CocoaPods installation.\" >&2\n    exit 1\nfi\n# This output is used by Xcode 'outputs' to avoid re-running this script phase.\necho \"SUCCESS\" > \"${SCRIPT_OUTPUT_FILE_0}\"\n";
			showEnvVarsInLog = 0;
		};
		CFFDAA59AE7C72E122B9AA7D /* [CP] Embed Pods Frameworks */ = {
			isa = PBXShellScriptBuildPhase;
			buildActionMask = 2147483647;
			files = (
			);
			inputFileListPaths = (
			);
			inputPaths = (
				"${PODS_ROOT}/Target Support Files/Pods-LaoTzuPDF/Pods-LaoTzuPDF-frameworks.sh",
				"${BUILT_PRODUCTS_DIR}/CryptoSwift/CryptoSwift.framework",
				"${BUILT_PRODUCTS_DIR}/IQKeyboardManagerSwift/IQKeyboardManagerSwift.framework",
				"${BUILT_PRODUCTS_DIR}/Mummy/Mummy.framework",
				"${BUILT_PRODUCTS_DIR}/R.swift.Library/Rswift.framework",
				"${BUILT_PRODUCTS_DIR}/SwiftyBeaver/SwiftyBeaver.framework",
			);
			name = "[CP] Embed Pods Frameworks";
			outputFileListPaths = (
			);
			outputPaths = (
				"${TARGET_BUILD_DIR}/${FRAMEWORKS_FOLDER_PATH}/CryptoSwift.framework",
				"${TARGET_BUILD_DIR}/${FRAMEWORKS_FOLDER_PATH}/IQKeyboardManagerSwift.framework",
				"${TARGET_BUILD_DIR}/${FRAMEWORKS_FOLDER_PATH}/Mummy.framework",
				"${TARGET_BUILD_DIR}/${FRAMEWORKS_FOLDER_PATH}/Rswift.framework",
				"${TARGET_BUILD_DIR}/${FRAMEWORKS_FOLDER_PATH}/SwiftyBeaver.framework",
			);
			runOnlyForDeploymentPostprocessing = 0;
			shellPath = /bin/sh;
			shellScript = "\"${PODS_ROOT}/Target Support Files/Pods-LaoTzuPDF/Pods-LaoTzuPDF-frameworks.sh\"\n";
			showEnvVarsInLog = 0;
		};
/* End PBXShellScriptBuildPhase section */

/* Begin PBXSourcesBuildPhase section */
		6A7C59D921B6A262006E502E /* Sources */ = {
			isa = PBXSourcesBuildPhase;
			buildActionMask = 2147483647;
			files = (
				6AE91F3A21E335A3000E316C /* WatermarkConfigurationViewController.swift in Sources */,
				6A297DFC21D46F170028E96E /* AES256Crypter.swift in Sources */,
				6A148EAD21BA0D7400F196E8 /* WatermarkConfiguration.swift in Sources */,
				6AE91F3721E3336D000E316C /* WatermarkConfigurationViewModel.swift in Sources */,
				6A7C5A0E21B7C927006E502E /* LogManager.swift in Sources */,
				6A7C5A2021B7D62C006E502E /* PAirSandbox.m in Sources */,
				6A7C5A2421B7E86E006E502E /* DocumentFileFolder.swift in Sources */,
				6A7C5A2621B8C7F2006E502E /* AnnotationPopView.swift in Sources */,
				6A7C59F921B766FE006E502E /* Document.swift in Sources */,
				6A7C5A2921B8ECD5006E502E /* WatermarkPage.swift in Sources */,
				6A79ACD621D30E000095FA51 /* DataExtension.swift in Sources */,
				6A5152BD21E3530F00523030 /* WatermarkTransferModel.swift in Sources */,
				6AE91F3D21E33DAA000E316C /* WaterConfigurationView.swift in Sources */,
				6A7C59FE21B7A33B006E502E /* MaskPopViewController.swift in Sources */,
				6A7C5A0921B7BA48006E502E /* AnnotationsViewController.swift in Sources */,
				6A7C59F521B7656F006E502E /* DocumentViewController.swift in Sources */,
				6A7C59F321B6A5D9006E502E /* DocumentBrowserViewController.swift in Sources */,
				6A7C5A0C21B7BDDA006E502E /* UImageExtension.swift in Sources */,
				6A7C59E121B6A262006E502E /* AppDelegate.swift in Sources */,
				6A79ACD421D23FDA0095FA51 /* WatermarkImage.swift in Sources */,
				6A79ACD221D234C00095FA51 /* WaterImage.m in Sources */,
				6A7C5A2221B7D94D006E502E /* UIViewControllerExtension.swift in Sources */,
				6A7C5A0221B7B47C006E502E /* R.generated.swift in Sources */,
				6A5152BF21E37A6000523030 /* NSNotification+Names.swift in Sources */,
				6A297E0421D49D170028E96E /* FindEOF.swift in Sources */,
			);
			runOnlyForDeploymentPostprocessing = 0;
		};
/* End PBXSourcesBuildPhase section */

/* Begin PBXVariantGroup section */
		6A7C59E421B6A262006E502E /* Main.storyboard */ = {
			isa = PBXVariantGroup;
			children = (
				6A7C59E521B6A262006E502E /* Base */,
			);
			name = Main.storyboard;
			sourceTree = "<group>";
		};
		6A7C59E921B6A263006E502E /* LaunchScreen.storyboard */ = {
			isa = PBXVariantGroup;
			children = (
				6A7C59EA21B6A263006E502E /* Base */,
			);
			name = LaunchScreen.storyboard;
			sourceTree = "<group>";
		};
/* End PBXVariantGroup section */

/* Begin XCBuildConfiguration section */
		6A7C59ED21B6A263006E502E /* Debug */ = {
			isa = XCBuildConfiguration;
			buildSettings = {
				ALWAYS_SEARCH_USER_PATHS = NO;
				CLANG_ANALYZER_NONNULL = YES;
				CLANG_ANALYZER_NUMBER_OBJECT_CONVERSION = YES_AGGRESSIVE;
				CLANG_CXX_LANGUAGE_STANDARD = "gnu++14";
				CLANG_CXX_LIBRARY = "libc++";
				CLANG_ENABLE_MODULES = YES;
				CLANG_ENABLE_OBJC_ARC = YES;
				CLANG_ENABLE_OBJC_WEAK = YES;
				CLANG_WARN_BLOCK_CAPTURE_AUTORELEASING = YES;
				CLANG_WARN_BOOL_CONVERSION = YES;
				CLANG_WARN_COMMA = YES;
				CLANG_WARN_CONSTANT_CONVERSION = YES;
				CLANG_WARN_DEPRECATED_OBJC_IMPLEMENTATIONS = YES;
				CLANG_WARN_DIRECT_OBJC_ISA_USAGE = YES_ERROR;
				CLANG_WARN_DOCUMENTATION_COMMENTS = YES;
				CLANG_WARN_EMPTY_BODY = YES;
				CLANG_WARN_ENUM_CONVERSION = YES;
				CLANG_WARN_INFINITE_RECURSION = YES;
				CLANG_WARN_INT_CONVERSION = YES;
				CLANG_WARN_NON_LITERAL_NULL_CONVERSION = YES;
				CLANG_WARN_OBJC_IMPLICIT_RETAIN_SELF = YES;
				CLANG_WARN_OBJC_LITERAL_CONVERSION = YES;
				CLANG_WARN_OBJC_ROOT_CLASS = YES_ERROR;
				CLANG_WARN_RANGE_LOOP_ANALYSIS = YES;
				CLANG_WARN_STRICT_PROTOTYPES = YES;
				CLANG_WARN_SUSPICIOUS_MOVE = YES;
				CLANG_WARN_UNGUARDED_AVAILABILITY = YES_AGGRESSIVE;
				CLANG_WARN_UNREACHABLE_CODE = YES;
				CLANG_WARN__DUPLICATE_METHOD_MATCH = YES;
				CODE_SIGN_IDENTITY = "iPhone Developer";
				COPY_PHASE_STRIP = NO;
				DEBUG_INFORMATION_FORMAT = dwarf;
				ENABLE_STRICT_OBJC_MSGSEND = YES;
				ENABLE_TESTABILITY = YES;
				GCC_C_LANGUAGE_STANDARD = gnu11;
				GCC_DYNAMIC_NO_PIC = NO;
				GCC_NO_COMMON_BLOCKS = YES;
				GCC_OPTIMIZATION_LEVEL = 0;
				GCC_PREPROCESSOR_DEFINITIONS = (
					"DEBUG=1",
					"$(inherited)",
				);
				GCC_WARN_64_TO_32_BIT_CONVERSION = YES;
				GCC_WARN_ABOUT_RETURN_TYPE = YES_ERROR;
				GCC_WARN_UNDECLARED_SELECTOR = YES;
				GCC_WARN_UNINITIALIZED_AUTOS = YES_AGGRESSIVE;
				GCC_WARN_UNUSED_FUNCTION = YES;
				GCC_WARN_UNUSED_VARIABLE = YES;
				IPHONEOS_DEPLOYMENT_TARGET = 12.1;
				MTL_ENABLE_DEBUG_INFO = INCLUDE_SOURCE;
				MTL_FAST_MATH = YES;
				ONLY_ACTIVE_ARCH = YES;
				SDKROOT = iphoneos;
				SWIFT_ACTIVE_COMPILATION_CONDITIONS = DEBUG;
				SWIFT_OPTIMIZATION_LEVEL = "-Onone";
			};
			name = Debug;
		};
		6A7C59EE21B6A263006E502E /* Release */ = {
			isa = XCBuildConfiguration;
			buildSettings = {
				ALWAYS_SEARCH_USER_PATHS = NO;
				CLANG_ANALYZER_NONNULL = YES;
				CLANG_ANALYZER_NUMBER_OBJECT_CONVERSION = YES_AGGRESSIVE;
				CLANG_CXX_LANGUAGE_STANDARD = "gnu++14";
				CLANG_CXX_LIBRARY = "libc++";
				CLANG_ENABLE_MODULES = YES;
				CLANG_ENABLE_OBJC_ARC = YES;
				CLANG_ENABLE_OBJC_WEAK = YES;
				CLANG_WARN_BLOCK_CAPTURE_AUTORELEASING = YES;
				CLANG_WARN_BOOL_CONVERSION = YES;
				CLANG_WARN_COMMA = YES;
				CLANG_WARN_CONSTANT_CONVERSION = YES;
				CLANG_WARN_DEPRECATED_OBJC_IMPLEMENTATIONS = YES;
				CLANG_WARN_DIRECT_OBJC_ISA_USAGE = YES_ERROR;
				CLANG_WARN_DOCUMENTATION_COMMENTS = YES;
				CLANG_WARN_EMPTY_BODY = YES;
				CLANG_WARN_ENUM_CONVERSION = YES;
				CLANG_WARN_INFINITE_RECURSION = YES;
				CLANG_WARN_INT_CONVERSION = YES;
				CLANG_WARN_NON_LITERAL_NULL_CONVERSION = YES;
				CLANG_WARN_OBJC_IMPLICIT_RETAIN_SELF = YES;
				CLANG_WARN_OBJC_LITERAL_CONVERSION = YES;
				CLANG_WARN_OBJC_ROOT_CLASS = YES_ERROR;
				CLANG_WARN_RANGE_LOOP_ANALYSIS = YES;
				CLANG_WARN_STRICT_PROTOTYPES = YES;
				CLANG_WARN_SUSPICIOUS_MOVE = YES;
				CLANG_WARN_UNGUARDED_AVAILABILITY = YES_AGGRESSIVE;
				CLANG_WARN_UNREACHABLE_CODE = YES;
				CLANG_WARN__DUPLICATE_METHOD_MATCH = YES;
				CODE_SIGN_IDENTITY = "iPhone Developer";
				COPY_PHASE_STRIP = NO;
				DEBUG_INFORMATION_FORMAT = "dwarf-with-dsym";
				ENABLE_NS_ASSERTIONS = NO;
				ENABLE_STRICT_OBJC_MSGSEND = YES;
				GCC_C_LANGUAGE_STANDARD = gnu11;
				GCC_NO_COMMON_BLOCKS = YES;
				GCC_WARN_64_TO_32_BIT_CONVERSION = YES;
				GCC_WARN_ABOUT_RETURN_TYPE = YES_ERROR;
				GCC_WARN_UNDECLARED_SELECTOR = YES;
				GCC_WARN_UNINITIALIZED_AUTOS = YES_AGGRESSIVE;
				GCC_WARN_UNUSED_FUNCTION = YES;
				GCC_WARN_UNUSED_VARIABLE = YES;
				IPHONEOS_DEPLOYMENT_TARGET = 12.1;
				MTL_ENABLE_DEBUG_INFO = NO;
				MTL_FAST_MATH = YES;
				SDKROOT = iphoneos;
				SWIFT_COMPILATION_MODE = wholemodule;
				SWIFT_OPTIMIZATION_LEVEL = "-O";
				VALIDATE_PRODUCT = YES;
			};
			name = Release;
		};
		6A7C59F021B6A263006E502E /* Debug */ = {
			isa = XCBuildConfiguration;
			baseConfigurationReference = 7368ED1B7BFA046D2F66B587 /* Pods-LaoTzuPDF.debug.xcconfig */;
			buildSettings = {
				ASSETCATALOG_COMPILER_APPICON_NAME = AppIcon;
				CLANG_ENABLE_MODULES = YES;
				CODE_SIGN_STYLE = Automatic;
				DEVELOPMENT_TEAM = 75J4834735;
				INFOPLIST_FILE = LaoTzuPDF/Info.plist;
				IPHONEOS_DEPLOYMENT_TARGET = 11.0;
				LD_RUNPATH_SEARCH_PATHS = (
					"$(inherited)",
					"@executable_path/Frameworks",
				);
				PRODUCT_BUNDLE_IDENTIFIER = com.mozheanquan.LaoTzuPDF;
				PRODUCT_NAME = "$(TARGET_NAME)";
				SWIFT_OBJC_BRIDGING_HEADER = "LaoTzuPDF-Bridging-Header.h";
				SWIFT_OPTIMIZATION_LEVEL = "-Onone";
				SWIFT_VERSION = 5.0;
				TARGETED_DEVICE_FAMILY = "1,2";
			};
			name = Debug;
		};
		6A7C59F121B6A263006E502E /* Release */ = {
			isa = XCBuildConfiguration;
			baseConfigurationReference = 358D220921271BE2F88209FE /* Pods-LaoTzuPDF.release.xcconfig */;
			buildSettings = {
				ASSETCATALOG_COMPILER_APPICON_NAME = AppIcon;
				CLANG_ENABLE_MODULES = YES;
				CODE_SIGN_STYLE = Automatic;
				DEVELOPMENT_TEAM = 75J4834735;
				INFOPLIST_FILE = LaoTzuPDF/Info.plist;
				IPHONEOS_DEPLOYMENT_TARGET = 11.0;
				LD_RUNPATH_SEARCH_PATHS = (
					"$(inherited)",
					"@executable_path/Frameworks",
				);
				PRODUCT_BUNDLE_IDENTIFIER = com.mozheanquan.LaoTzuPDF;
				PRODUCT_NAME = "$(TARGET_NAME)";
				SWIFT_OBJC_BRIDGING_HEADER = "LaoTzuPDF-Bridging-Header.h";
				SWIFT_VERSION = 5.0;
				TARGETED_DEVICE_FAMILY = "1,2";
			};
			name = Release;
		};
/* End XCBuildConfiguration section */

/* Begin XCConfigurationList section */
		6A7C59D821B6A262006E502E /* Build configuration list for PBXProject "LaoTzuPDF" */ = {
			isa = XCConfigurationList;
			buildConfigurations = (
				6A7C59ED21B6A263006E502E /* Debug */,
				6A7C59EE21B6A263006E502E /* Release */,
			);
			defaultConfigurationIsVisible = 0;
			defaultConfigurationName = Release;
		};
		6A7C59EF21B6A263006E502E /* Build configuration list for PBXNativeTarget "LaoTzuPDF" */ = {
			isa = XCConfigurationList;
			buildConfigurations = (
				6A7C59F021B6A263006E502E /* Debug */,
				6A7C59F121B6A263006E502E /* Release */,
			);
			defaultConfigurationIsVisible = 0;
			defaultConfigurationName = Release;
		};
/* End XCConfigurationList section */
	};
	rootObject = 6A7C59D521B6A262006E502E /* Project object */;
}
