PODS:
  - IQKeyboardManagerSwift (6.2.0)
  - MKDropdownMenu (1.4)
  - MoAESCryptor (0.0.2)
  - Mummy (0.0.4)
  - PromiseKit (6.8.3):
    - PromiseKit/CorePromise (= 6.8.3)
    - PromiseKit/Foundation (= 6.8.3)
    - PromiseKit/UIKit (= 6.8.3)
  - PromiseKit/CorePromise (6.8.3)
  - PromiseKit/Foundation (6.8.3):
    - PromiseKit/CorePromise
  - PromiseKit/UIKit (6.8.3):
    - PromiseKit/CorePromise
  - R.swift (5.0.2):
    - R.swift.Library (~> 5.0.0)
  - R.swift.Library (5.0.0)
  - STHammer (0.0.5):
    - SwiftyBeaver (= 1.6.1)
  - SwiftyBeaver (1.6.1)

DEPENDENCIES:
  - IQKeyboardManagerSwift
  - MKDropdownMenu
  - "MoAESCryptor (from `https://MistyMorn@bitbucket.org/MistyMorn/aes.git`)"
  - Mummy
  - PromiseKit
  - R.swift
  - "STHammer (from `https://MistyMorn@bitbucket.org/MistyMorn/sthammer.git`)"
  - SwiftyBeaver (= 1.6.1)

SPEC REPOS:
  https://github.com/cocoapods/specs.git:
    - IQKeyboardManagerSwift
    - MKDropdownMenu
    - Mummy
    - PromiseKit
    - R.swift
    - R.swift.Library
    - SwiftyBeaver

EXTERNAL SOURCES:
  MoAESCryptor:
    :git: "https://MistyMorn@bitbucket.org/MistyMorn/aes.git"
  STHammer:
    :git: "https://MistyMorn@bitbucket.org/MistyMorn/sthammer.git"

CHECKOUT OPTIONS:
  MoAESCryptor:
    :commit: 50851e829a51b15499430bf762d1593496601c28
    :git: "https://MistyMorn@bitbucket.org/MistyMorn/aes.git"
  STHammer:
    :commit: 8bc40dc1cc0a5203fffd506470e25c30ad7ae11f
    :git: "https://MistyMorn@bitbucket.org/MistyMorn/sthammer.git"

SPEC CHECKSUMS:
  IQKeyboardManagerSwift: b07ccf9d8cafe993dcd6cb794eb4ba34611a0c4e
  MKDropdownMenu: 269df4a41d21a1db684ce8bc709befe419fc5bae
  MoAESCryptor: d2e27bc98fde2c1cc91c5c1c940f6c60b62d4433
  Mummy: b7f92c28e6e23d32b058d58cc134fe8e38062eb1
  PromiseKit: 94c6e781838c5bf4717677d0d882b0e7250c80fc
  R.swift: 81455d81467763cbd3f4d79d938d05f4ac4c0228
  R.swift.Library: 0bf390e729bc10bb2c9e4fb78bd043164a7be4ff
  STHammer: fed40eade128872f912778e6d7ef1e60afb91e1e
  SwiftyBeaver: ccfcdf85a04d429f1633f668650b0ce8020bda3a

PODFILE CHECKSUM: 57d29aa56cd6aa5136c704ef6eb98eabcc8fe8d0

COCOAPODS: 1.6.1
